// !$*UTF8*$!
{
	archiveVersion = 1;
	classes = {
	};
	objectVersion = 46;
	objects = {

/* Begin PBXBuildFile section */
		6B910EFC1FC4140200348642 /* main.m in Sources */ = {isa = PBXBuildFile; fileRef = 6B910EFB1FC4140200348642 /* main.m */; };
		6B910EFF1FC4140200348642 /* AppDelegate.m in Sources */ = {isa = PBXBuildFile; fileRef = 6B910EFE1FC4140200348642 /* AppDelegate.m */; };
		6B910F051FC4140200348642 /* Main.storyboard in Resources */ = {isa = PBXBuildFile; fileRef = 6B910F031FC4140200348642 /* Main.storyboard */; };
		6B910F071FC4140200348642 /* Assets.xcassets in Resources */ = {isa = PBXBuildFile; fileRef = 6B910F061FC4140200348642 /* Assets.xcassets */; };
		6B910F0A1FC4140200348642 /* LaunchScreen.storyboard in Resources */ = {isa = PBXBuildFile; fileRef = 6B910F081FC4140200348642 /* LaunchScreen.storyboard */; };
		6BA7DF6E1FC5228A0013D92D /* InfoVC.m in Sources */ = {isa = PBXBuildFile; fileRef = 6BA7DF6D1FC5228A0013D92D /* InfoVC.m */; };
		6BAA02E81FC451FD00F5BE24 /* ListVC.m in Sources */ = {isa = PBXBuildFile; fileRef = 6BAA02E71FC451FD00F5BE24 /* ListVC.m */; };
		6BAA02EB1FC455B100F5BE24 /* ListCell.m in Sources */ = {isa = PBXBuildFile; fileRef = 6BAA02EA1FC455B100F5BE24 /* ListCell.m */; };
		6BAA02EE1FC458D100F5BE24 /* PriceData.m in Sources */ = {isa = PBXBuildFile; fileRef = 6BAA02ED1FC458D100F5BE24 /* PriceData.m */; };
		6BD4EB711FC4199400D5844D /* MainVC.m in Sources */ = {isa = PBXBuildFile; fileRef = 6BD4EB701FC4199400D5844D /* MainVC.m */; };
		6BD4EB751FC41BC100D5844D /* CategoryCell.m in Sources */ = {isa = PBXBuildFile; fileRef = 6BD4EB741FC41BC100D5844D /* CategoryCell.m */; };
		D22010519D873F939383144F /* libPods-SeoulGoodPrice.a in Frameworks */ = {isa = PBXBuildFile; fileRef = 98E274C2A6658B33E2AF9F5C /* libPods-SeoulGoodPrice.a */; };
/* End PBXBuildFile section */

/* Begin PBXFileReference section */
		6B910EF71FC4140200348642 /* SeoulGoodPrice.app */ = {isa = PBXFileReference; explicitFileType = wrapper.application; includeInIndex = 0; path = SeoulGoodPrice.app; sourceTree = BUILT_PRODUCTS_DIR; };
		6B910EFB1FC4140200348642 /* main.m */ = {isa = PBXFileReference; lastKnownFileType = sourcecode.c.objc; path = main.m; sourceTree = "<group>"; };
		6B910EFD1FC4140200348642 /* AppDelegate.h */ = {isa = PBXFileReference; lastKnownFileType = sourcecode.c.h; path = AppDelegate.h; sourceTree = "<group>"; };
		6B910EFE1FC4140200348642 /* AppDelegate.m */ = {isa = PBXFileReference; lastKnownFileType = sourcecode.c.objc; path = AppDelegate.m; sourceTree = "<group>"; };
		6B910F041FC4140200348642 /* Base */ = {isa = PBXFileReference; lastKnownFileType = file.storyboard; name = Base; path = Base.lproj/Main.storyboard; sourceTree = "<group>"; };
		6B910F061FC4140200348642 /* Assets.xcassets */ = {isa = PBXFileReference; lastKnownFileType = folder.assetcatalog; path = Assets.xcassets; sourceTree = "<group>"; };
		6B910F091FC4140200348642 /* Base */ = {isa = PBXFileReference; lastKnownFileType = file.storyboard; name = Base; path = Base.lproj/LaunchScreen.storyboard; sourceTree = "<group>"; };
		6B910F0B1FC4140200348642 /* Info.plist */ = {isa = PBXFileReference; lastKnownFileType = text.plist.xml; path = Info.plist; sourceTree = "<group>"; };
		6BA7DF6C1FC5228A0013D92D /* InfoVC.h */ = {isa = PBXFileReference; fileEncoding = 4; lastKnownFileType = sourcecode.c.h; path = InfoVC.h; sourceTree = "<group>"; };
		6BA7DF6D1FC5228A0013D92D /* InfoVC.m */ = {isa = PBXFileReference; fileEncoding = 4; lastKnownFileType = sourcecode.c.objc; path = InfoVC.m; sourceTree = "<group>"; };
		6BAA02E61FC451FD00F5BE24 /* ListVC.h */ = {isa = PBXFileReference; fileEncoding = 4; lastKnownFileType = sourcecode.c.h; path = ListVC.h; sourceTree = "<group>"; };
		6BAA02E71FC451FD00F5BE24 /* ListVC.m */ = {isa = PBXFileReference; fileEncoding = 4; lastKnownFileType = sourcecode.c.objc; path = ListVC.m; sourceTree = "<group>"; };
		6BAA02E91FC455B100F5BE24 /* ListCell.h */ = {isa = PBXFileReference; fileEncoding = 4; lastKnownFileType = sourcecode.c.h; path = ListCell.h; sourceTree = "<group>"; };
		6BAA02EA1FC455B100F5BE24 /* ListCell.m */ = {isa = PBXFileReference; fileEncoding = 4; lastKnownFileType = sourcecode.c.objc; path = ListCell.m; sourceTree = "<group>"; };
		6BAA02EC1FC458D100F5BE24 /* PriceData.h */ = {isa = PBXFileReference; fileEncoding = 4; lastKnownFileType = sourcecode.c.h; path = PriceData.h; sourceTree = "<group>"; };
		6BAA02ED1FC458D100F5BE24 /* PriceData.m */ = {isa = PBXFileReference; fileEncoding = 4; lastKnownFileType = sourcecode.c.objc; path = PriceData.m; sourceTree = "<group>"; };
		6BD4EB6F1FC4199400D5844D /* MainVC.h */ = {isa = PBXFileReference; fileEncoding = 4; lastKnownFileType = sourcecode.c.h; path = MainVC.h; sourceTree = "<group>"; };
		6BD4EB701FC4199400D5844D /* MainVC.m */ = {isa = PBXFileReference; fileEncoding = 4; lastKnownFileType = sourcecode.c.objc; path = MainVC.m; sourceTree = "<group>"; };
		6BD4EB731FC41BC100D5844D /* CategoryCell.h */ = {isa = PBXFileReference; fileEncoding = 4; lastKnownFileType = sourcecode.c.h; path = CategoryCell.h; sourceTree = "<group>"; };
		6BD4EB741FC41BC100D5844D /* CategoryCell.m */ = {isa = PBXFileReference; fileEncoding = 4; lastKnownFileType = sourcecode.c.objc; path = CategoryCell.m; sourceTree = "<group>"; };
		98E274C2A6658B33E2AF9F5C /* libPods-SeoulGoodPrice.a */ = {isa = PBXFileReference; explicitFileType = archive.ar; includeInIndex = 0; path = "libPods-SeoulGoodPrice.a"; sourceTree = BUILT_PRODUCTS_DIR; };
		B38056D988E21A690BFBB9D2 /* Pods-SeoulGoodPrice.debug.xcconfig */ = {isa = PBXFileReference; includeInIndex = 1; lastKnownFileType = text.xcconfig; name = "Pods-SeoulGoodPrice.debug.xcconfig"; path = "Pods/Target Support Files/Pods-SeoulGoodPrice/Pods-SeoulGoodPrice.debug.xcconfig"; sourceTree = "<group>"; };
		D188B5D3420C48416E9AF03E /* Pods-SeoulGoodPrice.release.xcconfig */ = {isa = PBXFileReference; includeInIndex = 1; lastKnownFileType = text.xcconfig; name = "Pods-SeoulGoodPrice.release.xcconfig"; path = "Pods/Target Support Files/Pods-SeoulGoodPrice/Pods-SeoulGoodPrice.release.xcconfig"; sourceTree = "<group>"; };
/* End PBXFileReference section */

/* Begin PBXFrameworksBuildPhase section */
		6B910EF41FC4140200348642 /* Frameworks */ = {
			isa = PBXFrameworksBuildPhase;
			buildActionMask = 2147483647;
			files = (
				D22010519D873F939383144F /* libPods-SeoulGoodPrice.a in Frameworks */,
			);
			runOnlyForDeploymentPostprocessing = 0;
		};
/* End PBXFrameworksBuildPhase section */

/* Begin PBXGroup section */
		5CBA2A7FC17C0202CB6ADA10 /* Pods */ = {
			isa = PBXGroup;
			children = (
				B38056D988E21A690BFBB9D2 /* Pods-SeoulGoodPrice.debug.xcconfig */,
				D188B5D3420C48416E9AF03E /* Pods-SeoulGoodPrice.release.xcconfig */,
			);
			name = Pods;
			sourceTree = "<group>";
		};
		6A5CE58B5D60262B6D4B0372 /* Frameworks */ = {
			isa = PBXGroup;
			children = (
				98E274C2A6658B33E2AF9F5C /* libPods-SeoulGoodPrice.a */,
			);
			name = Frameworks;
			sourceTree = "<group>";
		};
		6B910EEE1FC4140200348642 = {
			isa = PBXGroup;
			children = (
				6B910EF91FC4140200348642 /* SeoulGoodPrice */,
				6B910EF81FC4140200348642 /* Products */,
				5CBA2A7FC17C0202CB6ADA10 /* Pods */,
				6A5CE58B5D60262B6D4B0372 /* Frameworks */,
			);
			sourceTree = "<group>";
		};
		6B910EF81FC4140200348642 /* Products */ = {
			isa = PBXGroup;
			children = (
				6B910EF71FC4140200348642 /* SeoulGoodPrice.app */,
			);
			name = Products;
			sourceTree = "<group>";
		};
		6B910EF91FC4140200348642 /* SeoulGoodPrice */ = {
			isa = PBXGroup;
			children = (
				6BD4EB721FC41BA400D5844D /* Cell */,
				6BD4EB6E1FC4198400D5844D /* ViewController */,
				6B910EFD1FC4140200348642 /* AppDelegate.h */,
				6B910EFE1FC4140200348642 /* AppDelegate.m */,
				6B910F031FC4140200348642 /* Main.storyboard */,
				6B910F061FC4140200348642 /* Assets.xcassets */,
				6B910F081FC4140200348642 /* LaunchScreen.storyboard */,
				6B910F0B1FC4140200348642 /* Info.plist */,
				6B910EFA1FC4140200348642 /* Supporting Files */,
				6BAA02EC1FC458D100F5BE24 /* PriceData.h */,
				6BAA02ED1FC458D100F5BE24 /* PriceData.m */,
			);
			path = SeoulGoodPrice;
			sourceTree = "<group>";
		};
		6B910EFA1FC4140200348642 /* Supporting Files */ = {
			isa = PBXGroup;
			children = (
				6B910EFB1FC4140200348642 /* main.m */,
			);
			name = "Supporting Files";
			sourceTree = "<group>";
		};
		6BD4EB6E1FC4198400D5844D /* ViewController */ = {
			isa = PBXGroup;
			children = (
				6BD4EB6F1FC4199400D5844D /* MainVC.h */,
				6BD4EB701FC4199400D5844D /* MainVC.m */,
				6BAA02E61FC451FD00F5BE24 /* ListVC.h */,
				6BAA02E71FC451FD00F5BE24 /* ListVC.m */,
				6BA7DF6C1FC5228A0013D92D /* InfoVC.h */,
				6BA7DF6D1FC5228A0013D92D /* InfoVC.m */,
			);
			path = ViewController;
			sourceTree = "<group>";
		};
		6BD4EB721FC41BA400D5844D /* Cell */ = {
			isa = PBXGroup;
			children = (
				6BD4EB731FC41BC100D5844D /* CategoryCell.h */,
				6BD4EB741FC41BC100D5844D /* CategoryCell.m */,
				6BAA02E91FC455B100F5BE24 /* ListCell.h */,
				6BAA02EA1FC455B100F5BE24 /* ListCell.m */,
			);
			path = Cell;
			sourceTree = "<group>";
		};
/* End PBXGroup section */

/* Begin PBXNativeTarget section */
		6B910EF61FC4140200348642 /* SeoulGoodPrice */ = {
			isa = PBXNativeTarget;
			buildConfigurationList = 6B910F0E1FC4140200348642 /* Build configuration list for PBXNativeTarget "SeoulGoodPrice" */;
			buildPhases = (
				7DC7C408EDA46FE943125EBB /* [CP] Check Pods Manifest.lock */,
				6B910EF31FC4140200348642 /* Sources */,
				6B910EF41FC4140200348642 /* Frameworks */,
				6B910EF51FC4140200348642 /* Resources */,
				FC22E6EB89FAF92BB03CBDC1 /* [CP] Embed Pods Frameworks */,
				FD54271F0DD3E905C09126D5 /* [CP] Copy Pods Resources */,
			);
			buildRules = (
			);
			dependencies = (
			);
			name = SeoulGoodPrice;
			productName = SeoulGoodPrice;
			productReference = 6B910EF71FC4140200348642 /* SeoulGoodPrice.app */;
			productType = "com.apple.product-type.application";
		};
/* End PBXNativeTarget section */

/* Begin PBXProject section */
		6B910EEF1FC4140200348642 /* Project object */ = {
			isa = PBXProject;
			attributes = {
				LastUpgradeCheck = 0830;
				ORGANIZATIONNAME = "이재홍";
				TargetAttributes = {
					6B910EF61FC4140200348642 = {
						CreatedOnToolsVersion = 8.3.3;
						ProvisioningStyle = Automatic;
					};
				};
			};
			buildConfigurationList = 6B910EF21FC4140200348642 /* Build configuration list for PBXProject "SeoulGoodPrice" */;
			compatibilityVersion = "Xcode 3.2";
			developmentRegion = English;
			hasScannedForEncodings = 0;
			knownRegions = (
				en,
				Base,
			);
			mainGroup = 6B910EEE1FC4140200348642;
			productRefGroup = 6B910EF81FC4140200348642 /* Products */;
			projectDirPath = "";
			projectRoot = "";
			targets = (
				6B910EF61FC4140200348642 /* SeoulGoodPrice */,
			);
		};
/* End PBXProject section */

/* Begin PBXResourcesBuildPhase section */
		6B910EF51FC4140200348642 /* Resources */ = {
			isa = PBXResourcesBuildPhase;
			buildActionMask = 2147483647;
			files = (
				6B910F0A1FC4140200348642 /* LaunchScreen.storyboard in Resources */,
				6B910F071FC4140200348642 /* Assets.xcassets in Resources */,
				6B910F051FC4140200348642 /* Main.storyboard in Resources */,
			);
			runOnlyForDeploymentPostprocessing = 0;
		};
/* End PBXResourcesBuildPhase section */

/* Begin PBXShellScriptBuildPhase section */
		7DC7C408EDA46FE943125EBB /* [CP] Check Pods Manifest.lock */ = {
			isa = PBXShellScriptBuildPhase;
			buildActionMask = 2147483647;
			files = (
			);
			inputPaths = (
				"${PODS_PODFILE_DIR_PATH}/Podfile.lock",
				"${PODS_ROOT}/Manifest.lock",
			);
			name = "[CP] Check Pods Manifest.lock";
			outputPaths = (
				"$(DERIVED_FILE_DIR)/Pods-SeoulGoodPrice-checkManifestLockResult.txt",
			);
			runOnlyForDeploymentPostprocessing = 0;
			shellPath = /bin/sh;
			shellScript = "diff \"${PODS_PODFILE_DIR_PATH}/Podfile.lock\" \"${PODS_ROOT}/Manifest.lock\" > /dev/null\nif [ $? != 0 ] ; then\n    # print error to STDERR\n    echo \"error: The sandbox is not in sync with the Podfile.lock. Run 'pod install' or update your CocoaPods installation.\" >&2\n    exit 1\nfi\n# This output is used by Xcode 'outputs' to avoid re-running this script phase.\necho \"SUCCESS\" > \"${SCRIPT_OUTPUT_FILE_0}\"\n";
			showEnvVarsInLog = 0;
		};
		FC22E6EB89FAF92BB03CBDC1 /* [CP] Embed Pods Frameworks */ = {
			isa = PBXShellScriptBuildPhase;
			buildActionMask = 2147483647;
			files = (
			);
			inputPaths = (
			);
			name = "[CP] Embed Pods Frameworks";
			outputPaths = (
			);
			runOnlyForDeploymentPostprocessing = 0;
			shellPath = /bin/sh;
			shellScript = "\"${SRCROOT}/Pods/Target Support Files/Pods-SeoulGoodPrice/Pods-SeoulGoodPrice-frameworks.sh\"\n";
			showEnvVarsInLog = 0;
		};
		FD54271F0DD3E905C09126D5 /* [CP] Copy Pods Resources */ = {
			isa = PBXShellScriptBuildPhase;
			buildActionMask = 2147483647;
			files = (
			);
			inputPaths = (
			);
			name = "[CP] Copy Pods Resources";
			outputPaths = (
			);
			runOnlyForDeploymentPostprocessing = 0;
			shellPath = /bin/sh;
			shellScript = "\"${SRCROOT}/Pods/Target Support Files/Pods-SeoulGoodPrice/Pods-SeoulGoodPrice-resources.sh\"\n";
			showEnvVarsInLog = 0;
		};
/* End PBXShellScriptBuildPhase section */

/* Begin PBXSourcesBuildPhase section */
		6B910EF31FC4140200348642 /* Sources */ = {
			isa = PBXSourcesBuildPhase;
			buildActionMask = 2147483647;
			files = (
				6BA7DF6E1FC5228A0013D92D /* InfoVC.m in Sources */,
				6BD4EB711FC4199400D5844D /* MainVC.m in Sources */,
				6BAA02EB1FC455B100F5BE24 /* ListCell.m in Sources */,
				6B910EFF1FC4140200348642 /* AppDelegate.m in Sources */,
				6B910EFC1FC4140200348642 /* main.m in Sources */,
				6BAA02E81FC451FD00F5BE24 /* ListVC.m in Sources */,
				6BD4EB751FC41BC100D5844D /* CategoryCell.m in Sources */,
				6BAA02EE1FC458D100F5BE24 /* PriceData.m in Sources */,
			);
			runOnlyForDeploymentPostprocessing = 0;
		};
/* End PBXSourcesBuildPhase section */

/* Begin PBXVariantGroup section */
		6B910F031FC4140200348642 /* Main.storyboard */ = {
			isa = PBXVariantGroup;
			children = (
				6B910F041FC4140200348642 /* Base */,
			);
			name = Main.storyboard;
			sourceTree = "<group>";
		};
		6B910F081FC4140200348642 /* LaunchScreen.storyboard */ = {
			isa = PBXVariantGroup;
			children = (
				6B910F091FC4140200348642 /* Base */,
			);
			name = LaunchScreen.storyboard;
			sourceTree = "<group>";
		};
/* End PBXVariantGroup section */

/* Begin XCBuildConfiguration section */
		6B910F0C1FC4140200348642 /* Debug */ = {
			isa = XCBuildConfiguration;
			buildSettings = {
				ALWAYS_SEARCH_USER_PATHS = NO;
				CLANG_ANALYZER_NONNULL = YES;
				CLANG_ANALYZER_NUMBER_OBJECT_CONVERSION = YES_AGGRESSIVE;
				CLANG_CXX_LANGUAGE_STANDARD = "gnu++0x";
				CLANG_CXX_LIBRARY = "libc++";
				CLANG_ENABLE_MODULES = YES;
				CLANG_ENABLE_OBJC_ARC = YES;
				CLANG_WARN_BOOL_CONVERSION = YES;
				CLANG_WARN_CONSTANT_CONVERSION = YES;
				CLANG_WARN_DIRECT_OBJC_ISA_USAGE = YES_ERROR;
				CLANG_WARN_DOCUMENTATION_COMMENTS = YES;
				CLANG_WARN_EMPTY_BODY = YES;
				CLANG_WARN_ENUM_CONVERSION = YES;
				CLANG_WARN_INFINITE_RECURSION = YES;
				CLANG_WARN_INT_CONVERSION = YES;
				CLANG_WARN_OBJC_ROOT_CLASS = YES_ERROR;
				CLANG_WARN_SUSPICIOUS_MOVE = YES;
				CLANG_WARN_UNREACHABLE_CODE = YES;
				CLANG_WARN__DUPLICATE_METHOD_MATCH = YES;
				"CODE_SIGN_IDENTITY[sdk=iphoneos*]" = "iPhone Developer";
				COPY_PHASE_STRIP = NO;
				DEBUG_INFORMATION_FORMAT = dwarf;
				ENABLE_STRICT_OBJC_MSGSEND = YES;
				ENABLE_TESTABILITY = YES;
				GCC_C_LANGUAGE_STANDARD = gnu99;
				GCC_DYNAMIC_NO_PIC = NO;
				GCC_NO_COMMON_BLOCKS = YES;
				GCC_OPTIMIZATION_LEVEL = 0;
				GCC_PREPROCESSOR_DEFINITIONS = (
					"DEBUG=1",
					"$(inherited)",
				);
				GCC_WARN_64_TO_32_BIT_CONVERSION = YES;
				GCC_WARN_ABOUT_RETURN_TYPE = YES_ERROR;
				GCC_WARN_UNDECLARED_SELECTOR = YES;
				GCC_WARN_UNINITIALIZED_AUTOS = YES_AGGRESSIVE;
				GCC_WARN_UNUSED_FUNCTION = YES;
				GCC_WARN_UNUSED_VARIABLE = YES;
				IPHONEOS_DEPLOYMENT_TARGET = 10.3;
				MTL_ENABLE_DEBUG_INFO = YES;
				ONLY_ACTIVE_ARCH = YES;
				SDKROOT = iphoneos;
			};
			name = Debug;
		};
		6B910F0D1FC4140200348642 /* Release */ = {
			isa = XCBuildConfiguration;
			buildSettings = {
				ALWAYS_SEARCH_USER_PATHS = NO;
				CLANG_ANALYZER_NONNULL = YES;
				CLANG_ANALYZER_NUMBER_OBJECT_CONVERSION = YES_AGGRESSIVE;
				CLANG_CXX_LANGUAGE_STANDARD = "gnu++0x";
				CLANG_CXX_LIBRARY = "libc++";
				CLANG_ENABLE_MODULES = YES;
				CLANG_ENABLE_OBJC_ARC = YES;
				CLANG_WARN_BOOL_CONVERSION = YES;
				CLANG_WARN_CONSTANT_CONVERSION = YES;
				CLANG_WARN_DIRECT_OBJC_ISA_USAGE = YES_ERROR;
				CLANG_WARN_DOCUMENTATION_COMMENTS = YES;
				CLANG_WARN_EMPTY_BODY = YES;
				CLANG_WARN_ENUM_CONVERSION = YES;
				CLANG_WARN_INFINITE_RECURSION = YES;
				CLANG_WARN_INT_CONVERSION = YES;
				CLANG_WARN_OBJC_ROOT_CLASS = YES_ERROR;
				CLANG_WARN_SUSPICIOUS_MOVE = YES;
				CLANG_WARN_UNREACHABLE_CODE = YES;
				CLANG_WARN__DUPLICATE_METHOD_MATCH = YES;
				"CODE_SIGN_IDENTITY[sdk=iphoneos*]" = "iPhone Developer";
				COPY_PHASE_STRIP = NO;
				DEBUG_INFORMATION_FORMAT = "dwarf-with-dsym";
				ENABLE_NS_ASSERTIONS = NO;
				ENABLE_STRICT_OBJC_MSGSEND = YES;
				GCC_C_LANGUAGE_STANDARD = gnu99;
				GCC_NO_COMMON_BLOCKS = YES;
				GCC_WARN_64_TO_32_BIT_CONVERSION = YES;
				GCC_WARN_ABOUT_RETURN_TYPE = YES_ERROR;
				GCC_WARN_UNDECLARED_SELECTOR = YES;
				GCC_WARN_UNINITIALIZED_AUTOS = YES_AGGRESSIVE;
				GCC_WARN_UNUSED_FUNCTION = YES;
				GCC_WARN_UNUSED_VARIABLE = YES;
				IPHONEOS_DEPLOYMENT_TARGET = 10.3;
				MTL_ENABLE_DEBUG_INFO = NO;
				SDKROOT = iphoneos;
				VALIDATE_PRODUCT = YES;
			};
			name = Release;
		};
		6B910F0F1FC4140200348642 /* Debug */ = {
			isa = XCBuildConfiguration;
			baseConfigurationReference = B38056D988E21A690BFBB9D2 /* Pods-SeoulGoodPrice.debug.xcconfig */;
			buildSettings = {
				ASSETCATALOG_COMPILER_APPICON_NAME = AppIcon;
				INFOPLIST_FILE = SeoulGoodPrice/Info.plist;
				LD_RUNPATH_SEARCH_PATHS = "$(inherited) @executable_path/Frameworks";
				PRODUCT_BUNDLE_IDENTIFIER = lee.SeoulGoodPrice;
				PRODUCT_NAME = "$(TARGET_NAME)";
			};
			name = Debug;
		};
		6B910F101FC4140200348642 /* Release */ = {
			isa = XCBuildConfiguration;
			baseConfigurationReference = D188B5D3420C48416E9AF03E /* Pods-SeoulGoodPrice.release.xcconfig */;
			buildSettings = {
				ASSETCATALOG_COMPILER_APPICON_NAME = AppIcon;
				INFOPLIST_FILE = SeoulGoodPrice/Info.plist;
				LD_RUNPATH_SEARCH_PATHS = "$(inherited) @executable_path/Frameworks";
				PRODUCT_BUNDLE_IDENTIFIER = lee.SeoulGoodPrice;
				PRODUCT_NAME = "$(TARGET_NAME)";
			};
			name = Release;
		};
/* End XCBuildConfiguration section */

/* Begin XCConfigurationList section */
		6B910EF21FC4140200348642 /* Build configuration list for PBXProject "SeoulGoodPrice" */ = {
			isa = XCConfigurationList;
			buildConfigurations = (
				6B910F0C1FC4140200348642 /* Debug */,
				6B910F0D1FC4140200348642 /* Release */,
			);
			defaultConfigurationIsVisible = 0;
			defaultConfigurationName = Release;
		};
		6B910F0E1FC4140200348642 /* Build configuration list for PBXNativeTarget "SeoulGoodPrice" */ = {
			isa = XCConfigurationList;
			buildConfigurations = (
				6B910F0F1FC4140200348642 /* Debug */,
				6B910F101FC4140200348642 /* Release */,
			);
			defaultConfigurationIsVisible = 0;
			defaultConfigurationName = Release;
		};
/* End XCConfigurationList section */
	};
	rootObject = 6B910EEF1FC4140200348642 /* Project object */;
}
